
Microsoft Visual Studio Solution File, Format Version 12.00
# Visual Studio 15
VisualStudioVersion = 15.0.26430.16
MinimumVisualStudioVersion = 10.0.40219.1
Project("{9A19103F-16F7-4668-BE54-9A1E7A4F7556}") = "ArangoDB.Net.Core", "src\ArangoDB.Net.Core\ArangoDB.Net.Core.csproj", "{F1D5AFC7-61CD-4ACA-8DD1-7AE63302A772}"
EndProject
Project("{9A19103F-16F7-4668-BE54-9A1E7A4F7556}") = "ArangoDB.Net.Protocols.Http", "src\ArangoDB.Net.Protocols.Http\ArangoDB.Net.Protocols.Http.csproj", "{5A8F03CA-6B52-4CD6-B464-BB3067763FC3}"
EndProject
Global
	GlobalSection(SolutionConfigurationPlatforms) = preSolution
		Debug|Any CPU = Debug|Any CPU
		Release|Any CPU = Release|Any CPU
	EndGlobalSection
	GlobalSection(ProjectConfigurationPlatforms) = postSolution
		{F1D5AFC7-61CD-4ACA-8DD1-7AE63302A772}.Debug|Any CPU.ActiveCfg = Debug|Any CPU
		{F1D5AFC7-61CD-4ACA-8DD1-7AE63302A772}.Debug|Any CPU.Build.0 = Debug|Any CPU
		{F1D5AFC7-61CD-4ACA-8DD1-7AE63302A772}.Release|Any CPU.ActiveCfg = Release|Any CPU
		{F1D5AFC7-61CD-4ACA-8DD1-7AE63302A772}.Release|Any CPU.Build.0 = Release|Any CPU
		{5A8F03CA-6B52-4CD6-B464-BB3067763FC3}.Debug|Any CPU.ActiveCfg = Debug|Any CPU
		{5A8F03CA-6B52-4CD6-B464-BB3067763FC3}.Debug|Any CPU.Build.0 = Debug|Any CPU
		{5A8F03CA-6B52-4CD6-B464-BB3067763FC3}.Release|Any CPU.ActiveCfg = Release|Any CPU
		{5A8F03CA-6B52-4CD6-B464-BB3067763FC3}.Release|Any CPU.Build.0 = Release|Any CPU
	EndGlobalSection
	GlobalSection(SolutionProperties) = preSolution
		HideSolutionNode = FALSE
	EndGlobalSection
EndGlobal
